
Microsoft Visual Studio Solution File, Format Version 12.00
# Visual Studio 15
VisualStudioVersion = 15.0.26124.0
MinimumVisualStudioVersion = 15.0.26124.0
Project("{FAE04EC0-301F-11D3-BF4B-00C04F79EFBC}") = "YTDToolio", "ytdtoolio\YTDToolio.csproj", "{FEBA643E-1311-41AA-84FB-694031A9FC83}"
EndProject
Project("{FAE04EC0-301F-11D3-BF4B-00C04F79EFBC}") = "RageLib", "ragelib\RageLib.csproj", "{B3D12DCC-5DBA-4A49-9EA2-D6C983322324}"
EndProject
Global
	GlobalSection(SolutionConfigurationPlatforms) = preSolution
		Debug|Any CPU = Debug|Any CPU
		Debug|x64 = Debug|x64
		Debug|x86 = Debug|x86
		Release|Any CPU = Release|Any CPU
		Release|x64 = Release|x64
		Release|x86 = Release|x86
	EndGlobalSection
	GlobalSection(SolutionProperties) = preSolution
		HideSolutionNode = FALSE
	EndGlobalSection
	GlobalSection(ProjectConfigurationPlatforms) = postSolution
		{FEBA643E-1311-41AA-84FB-694031A9FC83}.Debug|Any CPU.ActiveCfg = Debug|Any CPU
		{FEBA643E-1311-41AA-84FB-694031A9FC83}.Debug|Any CPU.Build.0 = Debug|Any CPU
		{FEBA643E-1311-41AA-84FB-694031A9FC83}.Debug|x64.ActiveCfg = Debug|Any CPU
		{FEBA643E-1311-41AA-84FB-694031A9FC83}.Debug|x64.Build.0 = Debug|Any CPU
		{FEBA643E-1311-41AA-84FB-694031A9FC83}.Debug|x86.ActiveCfg = Debug|Any CPU
		{FEBA643E-1311-41AA-84FB-694031A9FC83}.Debug|x86.Build.0 = Debug|Any CPU
		{FEBA643E-1311-41AA-84FB-694031A9FC83}.Release|Any CPU.ActiveCfg = Release|Any CPU
		{FEBA643E-1311-41AA-84FB-694031A9FC83}.Release|Any CPU.Build.0 = Release|Any CPU
		{FEBA643E-1311-41AA-84FB-694031A9FC83}.Release|x64.ActiveCfg = Release|Any CPU
		{FEBA643E-1311-41AA-84FB-694031A9FC83}.Release|x64.Build.0 = Release|Any CPU
		{FEBA643E-1311-41AA-84FB-694031A9FC83}.Release|x86.ActiveCfg = Release|Any CPU
		{FEBA643E-1311-41AA-84FB-694031A9FC83}.Release|x86.Build.0 = Release|Any CPU
		{B3D12DCC-5DBA-4A49-9EA2-D6C983322324}.Debug|Any CPU.ActiveCfg = Debug|Any CPU
		{B3D12DCC-5DBA-4A49-9EA2-D6C983322324}.Debug|Any CPU.Build.0 = Debug|Any CPU
		{B3D12DCC-5DBA-4A49-9EA2-D6C983322324}.Debug|x64.ActiveCfg = Debug|Any CPU
		{B3D12DCC-5DBA-4A49-9EA2-D6C983322324}.Debug|x64.Build.0 = Debug|Any CPU
		{B3D12DCC-5DBA-4A49-9EA2-D6C983322324}.Debug|x86.ActiveCfg = Debug|Any CPU
		{B3D12DCC-5DBA-4A49-9EA2-D6C983322324}.Debug|x86.Build.0 = Debug|Any CPU
		{B3D12DCC-5DBA-4A49-9EA2-D6C983322324}.Release|Any CPU.ActiveCfg = Release|Any CPU
		{B3D12DCC-5DBA-4A49-9EA2-D6C983322324}.Release|Any CPU.Build.0 = Release|Any CPU
		{B3D12DCC-5DBA-4A49-9EA2-D6C983322324}.Release|x64.ActiveCfg = Release|Any CPU
		{B3D12DCC-5DBA-4A49-9EA2-D6C983322324}.Release|x64.Build.0 = Release|Any CPU
		{B3D12DCC-5DBA-4A49-9EA2-D6C983322324}.Release|x86.ActiveCfg = Release|Any CPU
		{B3D12DCC-5DBA-4A49-9EA2-D6C983322324}.Release|x86.Build.0 = Release|Any CPU
	EndGlobalSection
EndGlobal
